
Microsoft Visual Studio Solution File, Format Version 12.00
# Visual Studio 14
VisualStudioVersion = 14.0.25420.1
MinimumVisualStudioVersion = 10.0.40219.1
Project("{FAE04EC0-301F-11D3-BF4B-00C04F79EFBC}") = "AccountManagerApp", "AccountManagerApp\AccountManagerApp.csproj", "{A7BDD77B-A89B-48D8-AC70-2D32515BEEDD}"
EndProject
Project("{FAE04EC0-301F-11D3-BF4B-00C04F79EFBC}") = "AccountManagerAppTests", "AccountManagerAppTests\AccountManagerAppTests.csproj", "{5844B2E1-01D3-4DC4-9F9B-5D48B3FF0819}"
EndProject
Global
	GlobalSection(SolutionConfigurationPlatforms) = preSolution
		Debug|Any CPU = Debug|Any CPU
		Release|Any CPU = Release|Any CPU
	EndGlobalSection
	GlobalSection(ProjectConfigurationPlatforms) = postSolution
		{A7BDD77B-A89B-48D8-AC70-2D32515BEEDD}.Debug|Any CPU.ActiveCfg = Debug|Any CPU
		{A7BDD77B-A89B-48D8-AC70-2D32515BEEDD}.Debug|Any CPU.Build.0 = Debug|Any CPU
		{A7BDD77B-A89B-48D8-AC70-2D32515BEEDD}.Release|Any CPU.ActiveCfg = Release|Any CPU
		{A7BDD77B-A89B-48D8-AC70-2D32515BEEDD}.Release|Any CPU.Build.0 = Release|Any CPU
		{5844B2E1-01D3-4DC4-9F9B-5D48B3FF0819}.Debug|Any CPU.ActiveCfg = Debug|Any CPU
		{5844B2E1-01D3-4DC4-9F9B-5D48B3FF0819}.Debug|Any CPU.Build.0 = Debug|Any CPU
		{5844B2E1-01D3-4DC4-9F9B-5D48B3FF0819}.Release|Any CPU.ActiveCfg = Release|Any CPU
		{5844B2E1-01D3-4DC4-9F9B-5D48B3FF0819}.Release|Any CPU.Build.0 = Release|Any CPU
	EndGlobalSection
	GlobalSection(SolutionProperties) = preSolution
		HideSolutionNode = FALSE
	EndGlobalSection
EndGlobal
